# generated by rye
# use `rye lock` or `rye sync` to update this lockfile
#
# last locked with the following flags:
#   pre: false
#   features: []
#   all-features: false
#   with-sources: false

-e file:.
aiomysql==0.2.0
    # via fastapi-practice
aiosqlite==0.20.0
alembic==1.13.1
annotated-types==0.6.0
    # via pydantic
anyio==4.3.0
    # via httpx
    # via starlette
    # via watchfiles
argon2-cffi==23.1.0
    # via minio
argon2-cffi-bindings==21.2.0
    # via argon2-cffi
arq==0.26.0
    # via fastapi-practice
black==24.4.2
boto3==1.34.98
    # via fastapi-practice
botocore==1.34.98
    # via boto3
    # via s3transfer
certifi==2024.2.2
    # via httpcore
    # via httpx
    # via minio
    # via requests
    # via sentry-sdk
cffi==1.16.0
    # via argon2-cffi-bindings
charset-normalizer==3.3.2
    # via requests
click==8.1.7
    # via arq
    # via black
    # via typer
    # via uvicorn
dnspython==2.6.1
    # via email-validator
docker==7.0.0
    # via testcontainers
email-validator==2.1.1
    # via fastapi
fastapi==0.111.0
    # via fastapi-cli
    # via fastapi-practice
fastapi-cli==0.0.2
    # via fastapi
greenlet==3.0.3
    # via sqlalchemy
gunicorn==22.0.0
    # via fastapi-practice
h11==0.14.0
    # via httpcore
    # via uvicorn
hiredis==2.3.2
    # via redis
httpcore==1.0.5
    # via httpx
httptools==0.6.1
    # via uvicorn
httpx==0.27.0
    # via fastapi
idna==3.7
    # via anyio
    # via email-validator
    # via httpx
    # via requests
iniconfig==2.0.0
    # via pytest
isort==5.13.2
    # via fastapi-practice
jinja2==3.1.3
    # via fastapi
    # via fastapi-practice
jmespath==1.0.1
    # via boto3
    # via botocore
mako==1.3.3
    # via alembic
markdown-it-py==3.0.0
    # via rich
markupsafe==2.1.5
    # via jinja2
    # via mako
mdurl==0.1.2
    # via markdown-it-py
minio==7.2.7
mypy==1.10.0
mypy-extensions==1.0.0
    # via black
    # via mypy
orjson==3.10.3
    # via fastapi
packaging==24.0
    # via black
    # via docker
    # via gunicorn
    # via pytest
passlib==1.7.4
    # via fastapi-practice
pathspec==0.12.1
    # via black
platformdirs==4.2.1
    # via black
pluggy==1.5.0
    # via pytest
polars==0.20.23
    # via fastapi-practice
pycparser==2.22
    # via cffi
pycryptodome==3.20.0
    # via minio
pydantic==2.7.1
    # via fastapi
    # via pydantic-settings
pydantic-core==2.18.2
    # via pydantic
pydantic-settings==2.2.1
    # via fastapi-practice
pygments==2.18.0
    # via rich
pyjwt==2.8.0
    # via fastapi-practice
pymysql==1.1.0
    # via aiomysql
pyotp==2.9.0
    # via fastapi-practice
pytest==8.2.0
    # via pytest-asyncio
    # via pytest-check
    # via pytest-mock
pytest-asyncio==0.23.6
pytest-check==2.3.1
pytest-mock==3.14.0
python-dateutil==2.9.0.post0
    # via botocore
python-dotenv==1.0.1
    # via pydantic-settings
    # via uvicorn
python-multipart==0.0.9
    # via fastapi
pyyaml==6.0.1
    # via uvicorn
redis==4.6.0
    # via arq
requests==2.31.0
    # via docker
rich==13.7.1
    # via typer
ruff==0.4.3
s3transfer==0.10.1
    # via boto3
sentry-sdk==2.0.1
    # via fastapi-practice
shellingham==1.5.4
    # via typer
six==1.16.0
    # via python-dateutil
sniffio==1.3.1
    # via anyio
    # via httpx
sqlalchemy==2.0.29
    # via alembic
    # via fastapi-practice
starlette==0.37.2
    # via fastapi
tenacity==8.2.3
    # via fastapi-practice
testcontainers==4.4.0
typer==0.12.3
    # via fastapi-cli
types-pytz==2024.1.0.20240417
typing-extensions==4.11.0
    # via aiosqlite
    # via alembic
    # via fastapi
    # via minio
    # via mypy
    # via pydantic
    # via pydantic-core
    # via sqlalchemy
    # via testcontainers
    # via typer
ujson==5.9.0
    # via fastapi
urllib3==2.2.1
    # via botocore
    # via docker
    # via minio
    # via requests
    # via sentry-sdk
    # via testcontainers
uvicorn==0.29.0
    # via fastapi
    # via fastapi-cli
    # via fastapi-practice
uvloop==0.19.0
    # via uvicorn
watchfiles==0.21.0
    # via uvicorn
websockets==12.0
    # via uvicorn
wrapt==1.16.0
    # via testcontainers
