# generated by rye
# use `rye lock` or `rye sync` to update this lockfile
#
# last locked with the following flags:
#   pre: false
#   features: []
#   all-features: false
#   with-sources: false
#   generate-hashes: false

-e file:.
aiomysql==0.2.0
    # via fastapi-practice
annotated-types==0.7.0
    # via pydantic
anyio==4.4.0
    # via httpx
    # via starlette
    # via watchfiles
arq==0.26.0
    # via fastapi-practice
boto3==1.34.126
    # via fastapi-practice
botocore==1.34.126
    # via boto3
    # via s3transfer
cachetools==5.3.3
    # via google-auth
certifi==2024.6.2
    # via httpcore
    # via httpx
    # via requests
    # via sentry-sdk
charset-normalizer==3.3.2
    # via requests
click==8.1.7
    # via arq
    # via typer
    # via uvicorn
dnspython==2.6.1
    # via email-validator
email-validator==2.1.1
    # via fastapi
fastapi==0.111.0
    # via fastapi-practice
fastapi-cli==0.0.4
    # via fastapi
    # via fastapi-practice
google-ai-generativelanguage==0.6.4
    # via google-generativeai
google-api-core==2.19.0
    # via google-ai-generativelanguage
    # via google-api-python-client
    # via google-generativeai
google-api-python-client==2.133.0
    # via google-generativeai
google-auth==2.30.0
    # via google-ai-generativelanguage
    # via google-api-core
    # via google-api-python-client
    # via google-auth-httplib2
    # via google-generativeai
google-auth-httplib2==0.2.0
    # via google-api-python-client
google-generativeai==0.6.0
    # via fastapi-practice
googleapis-common-protos==1.63.1
    # via google-api-core
    # via grpcio-status
greenlet==3.0.3
    # via sqlalchemy
grpcio==1.64.1
    # via google-api-core
    # via grpcio-status
grpcio-status==1.62.2
    # via google-api-core
gunicorn==22.0.0
    # via fastapi-practice
h11==0.14.0
    # via httpcore
    # via uvicorn
hiredis==2.3.2
    # via redis
httpcore==1.0.5
    # via httpx
httplib2==0.22.0
    # via google-api-python-client
    # via google-auth-httplib2
httptools==0.6.1
    # via uvicorn
httpx==0.27.0
    # via fastapi
idna==3.7
    # via anyio
    # via email-validator
    # via httpx
    # via requests
isort==5.13.2
    # via fastapi-practice
jinja2==3.1.4
    # via fastapi
    # via fastapi-practice
jmespath==1.0.1
    # via boto3
    # via botocore
markdown-it-py==3.0.0
    # via rich
markupsafe==2.1.5
    # via jinja2
mdurl==0.1.2
    # via markdown-it-py
orjson==3.10.5
    # via fastapi
packaging==24.1
    # via gunicorn
passlib==1.7.4
    # via fastapi-practice
polars==0.20.31
    # via fastapi-practice
proto-plus==1.23.0
    # via google-ai-generativelanguage
    # via google-api-core
protobuf==4.25.3
    # via google-ai-generativelanguage
    # via google-api-core
    # via google-generativeai
    # via googleapis-common-protos
    # via grpcio-status
    # via proto-plus
pyasn1==0.6.0
    # via pyasn1-modules
    # via rsa
pyasn1-modules==0.4.0
    # via google-auth
pydantic==2.7.4
    # via fastapi
    # via google-generativeai
    # via pydantic-settings
pydantic-core==2.18.4
    # via pydantic
pydantic-settings==2.3.3
    # via fastapi-practice
pygments==2.18.0
    # via rich
pyjwt==2.8.0
    # via fastapi-practice
pymysql==1.1.1
    # via aiomysql
pyotp==2.9.0
    # via fastapi-practice
pyparsing==3.1.2
    # via httplib2
python-dateutil==2.9.0.post0
    # via botocore
python-dotenv==1.0.1
    # via pydantic-settings
    # via uvicorn
python-multipart==0.0.9
    # via fastapi
pyyaml==6.0.1
    # via uvicorn
redis==4.6.0
    # via arq
requests==2.32.3
    # via google-api-core
rich==13.7.1
    # via typer
rsa==4.9
    # via google-auth
s3transfer==0.10.1
    # via boto3
sentry-sdk==2.5.1
    # via fastapi-practice
shellingham==1.5.4
    # via typer
six==1.16.0
    # via python-dateutil
sniffio==1.3.1
    # via anyio
    # via httpx
sqlalchemy==2.0.30
    # via fastapi-practice
starlette==0.37.2
    # via fastapi
tenacity==8.3.0
    # via fastapi-practice
tqdm==4.66.4
    # via google-generativeai
typer==0.12.3
    # via fastapi-cli
typing-extensions==4.12.2
    # via fastapi
    # via google-generativeai
    # via pydantic
    # via pydantic-core
    # via sqlalchemy
    # via typer
ujson==5.10.0
    # via fastapi
uritemplate==4.1.1
    # via google-api-python-client
urllib3==2.2.1
    # via botocore
    # via requests
    # via sentry-sdk
uvicorn==0.30.1
    # via fastapi
    # via fastapi-practice
uvloop==0.19.0
    # via uvicorn
watchfiles==0.22.0
    # via uvicorn
websockets==12.0
    # via uvicorn
