# generated by rye
# use `rye lock` or `rye sync` to update this lockfile
#
# last locked with the following flags:
#   pre: false
#   features: []
#   all-features: false
#   with-sources: false

-e file:.
aiomysql==0.2.0
    # via fastapi-practice
aiosqlite==0.20.0
alembic==1.13.1
annotated-types==0.6.0
    # via pydantic
anyio==4.3.0
    # via httpx
    # via starlette
argon2-cffi==23.1.0
    # via minio
argon2-cffi-bindings==21.2.0
    # via argon2-cffi
arq==0.25.0
    # via fastapi-practice
black==24.4.0
boto3==1.34.88
    # via fastapi-practice
botocore==1.34.88
    # via boto3
    # via s3transfer
certifi==2024.2.2
    # via httpcore
    # via httpx
    # via minio
    # via requests
    # via sentry-sdk
cffi==1.16.0
    # via argon2-cffi-bindings
charset-normalizer==3.3.2
    # via requests
click==8.1.7
    # via arq
    # via black
    # via uvicorn
docker==7.0.0
    # via testcontainers
fastapi==0.110.2
    # via fastapi-practice
greenlet==3.0.3
    # via sqlalchemy
gunicorn==22.0.0
    # via fastapi-practice
h11==0.14.0
    # via httpcore
    # via uvicorn
hiredis==2.3.2
    # via redis
httpcore==1.0.5
    # via httpx
httpx==0.27.0
idna==3.7
    # via anyio
    # via httpx
    # via requests
iniconfig==2.0.0
    # via pytest
isort==5.13.2
    # via fastapi-practice
jmespath==1.0.1
    # via boto3
    # via botocore
mako==1.3.3
    # via alembic
markupsafe==2.1.5
    # via mako
minio==7.2.5
mypy==1.9.0
mypy-extensions==1.0.0
    # via black
    # via mypy
packaging==24.0
    # via black
    # via docker
    # via gunicorn
    # via pytest
pathspec==0.12.1
    # via black
platformdirs==4.2.0
    # via black
pluggy==1.5.0
    # via pytest
polars==0.20.21
    # via fastapi-practice
pycparser==2.22
    # via cffi
pycryptodome==3.20.0
    # via minio
pydantic==2.7.0
    # via fastapi
pydantic-core==2.18.1
    # via pydantic
pyjwt==2.8.0
    # via fastapi-practice
pymysql==1.1.0
    # via aiomysql
pyotp==2.9.0
    # via fastapi-practice
pytest==8.1.1
    # via pytest-asyncio
    # via pytest-check
    # via pytest-mock
pytest-asyncio==0.23.6
pytest-check==2.3.1
pytest-mock==3.14.0
python-dateutil==2.9.0.post0
    # via botocore
redis==5.0.3
    # via arq
requests==2.31.0
    # via docker
ruff==0.4.1
s3transfer==0.10.1
    # via boto3
sentry-sdk==1.45.0
    # via fastapi-practice
six==1.16.0
    # via python-dateutil
sniffio==1.3.1
    # via anyio
    # via httpx
sqlalchemy==2.0.29
    # via alembic
    # via fastapi-practice
starlette==0.37.2
    # via fastapi
testcontainers==4.4.0
types-pytz==2024.1.0.20240417
typing-extensions==4.11.0
    # via aiosqlite
    # via alembic
    # via arq
    # via fastapi
    # via minio
    # via mypy
    # via pydantic
    # via pydantic-core
    # via sqlalchemy
    # via testcontainers
urllib3==2.2.1
    # via botocore
    # via docker
    # via minio
    # via requests
    # via sentry-sdk
    # via testcontainers
uvicorn==0.29.0
    # via fastapi-practice
wrapt==1.16.0
    # via testcontainers
